
Microsoft Visual Studio Solution File, Format Version 12.00
# Visual Studio Version 17
VisualStudioVersion = 17.0.31903.59
MinimumVisualStudioVersion = 10.0.40219.1
Project("{2150E333-8FDC-42A3-9474-1A3956D46DE8}") = "src", "src", "{827E0CD3-B72D-47B6-A68D-7590B98EB39B}"
EndProject
Project("{FAE04EC0-301F-11D3-BF4B-00C04F79EFBC}") = "core.Api", "src\core.Api\core.Api.csproj", "{2CCB1C7E-30B4-4ACA-BA22-670193A12A23}"
EndProject
Project("{FAE04EC0-301F-11D3-BF4B-00C04F79EFBC}") = "core.Application", "src\core.Application\core.Application.csproj", "{64B9F3BC-8F9A-4106-8B5B-7A5F86AF9EB5}"
EndProject
Project("{FAE04EC0-301F-11D3-BF4B-00C04F79EFBC}") = "core.Infrastructure", "src\core.Infrastructure\core.Infrastructure.csproj", "{F58BE7A3-B84B-48C2-9FEF-AE4BC545EE12}"
EndProject
Project("{FAE04EC0-301F-11D3-BF4B-00C04F79EFBC}") = "core.Domain", "src\core.Domain\core.Domain.csproj", "{EB8D27A0-CBC5-404C-8546-1CFE4DF308C4}"
EndProject
Global
	GlobalSection(SolutionConfigurationPlatforms) = preSolution
		Debug|Any CPU = Debug|Any CPU
		Debug|x64 = Debug|x64
		Debug|x86 = Debug|x86
		Release|Any CPU = Release|Any CPU
		Release|x64 = Release|x64
		Release|x86 = Release|x86
	EndGlobalSection
	GlobalSection(ProjectConfigurationPlatforms) = postSolution
		{2CCB1C7E-30B4-4ACA-BA22-670193A12A23}.Debug|Any CPU.ActiveCfg = Debug|Any CPU
		{2CCB1C7E-30B4-4ACA-BA22-670193A12A23}.Debug|Any CPU.Build.0 = Debug|Any CPU
		{2CCB1C7E-30B4-4ACA-BA22-670193A12A23}.Debug|x64.ActiveCfg = Debug|Any CPU
		{2CCB1C7E-30B4-4ACA-BA22-670193A12A23}.Debug|x64.Build.0 = Debug|Any CPU
		{2CCB1C7E-30B4-4ACA-BA22-670193A12A23}.Debug|x86.ActiveCfg = Debug|Any CPU
		{2CCB1C7E-30B4-4ACA-BA22-670193A12A23}.Debug|x86.Build.0 = Debug|Any CPU
		{2CCB1C7E-30B4-4ACA-BA22-670193A12A23}.Release|Any CPU.ActiveCfg = Release|Any CPU
		{2CCB1C7E-30B4-4ACA-BA22-670193A12A23}.Release|Any CPU.Build.0 = Release|Any CPU
		{2CCB1C7E-30B4-4ACA-BA22-670193A12A23}.Release|x64.ActiveCfg = Release|Any CPU
		{2CCB1C7E-30B4-4ACA-BA22-670193A12A23}.Release|x64.Build.0 = Release|Any CPU
		{2CCB1C7E-30B4-4ACA-BA22-670193A12A23}.Release|x86.ActiveCfg = Release|Any CPU
		{2CCB1C7E-30B4-4ACA-BA22-670193A12A23}.Release|x86.Build.0 = Release|Any CPU
		{64B9F3BC-8F9A-4106-8B5B-7A5F86AF9EB5}.Debug|Any CPU.ActiveCfg = Debug|Any CPU
		{64B9F3BC-8F9A-4106-8B5B-7A5F86AF9EB5}.Debug|Any CPU.Build.0 = Debug|Any CPU
		{64B9F3BC-8F9A-4106-8B5B-7A5F86AF9EB5}.Debug|x64.ActiveCfg = Debug|Any CPU
		{64B9F3BC-8F9A-4106-8B5B-7A5F86AF9EB5}.Debug|x64.Build.0 = Debug|Any CPU
		{64B9F3BC-8F9A-4106-8B5B-7A5F86AF9EB5}.Debug|x86.ActiveCfg = Debug|Any CPU
		{64B9F3BC-8F9A-4106-8B5B-7A5F86AF9EB5}.Debug|x86.Build.0 = Debug|Any CPU
		{64B9F3BC-8F9A-4106-8B5B-7A5F86AF9EB5}.Release|Any CPU.ActiveCfg = Release|Any CPU
		{64B9F3BC-8F9A-4106-8B5B-7A5F86AF9EB5}.Release|Any CPU.Build.0 = Release|Any CPU
		{64B9F3BC-8F9A-4106-8B5B-7A5F86AF9EB5}.Release|x64.ActiveCfg = Release|Any CPU
		{64B9F3BC-8F9A-4106-8B5B-7A5F86AF9EB5}.Release|x64.Build.0 = Release|Any CPU
		{64B9F3BC-8F9A-4106-8B5B-7A5F86AF9EB5}.Release|x86.ActiveCfg = Release|Any CPU
		{64B9F3BC-8F9A-4106-8B5B-7A5F86AF9EB5}.Release|x86.Build.0 = Release|Any CPU
		{F58BE7A3-B84B-48C2-9FEF-AE4BC545EE12}.Debug|Any CPU.ActiveCfg = Debug|Any CPU
		{F58BE7A3-B84B-48C2-9FEF-AE4BC545EE12}.Debug|Any CPU.Build.0 = Debug|Any CPU
		{F58BE7A3-B84B-48C2-9FEF-AE4BC545EE12}.Debug|x64.ActiveCfg = Debug|Any CPU
		{F58BE7A3-B84B-48C2-9FEF-AE4BC545EE12}.Debug|x64.Build.0 = Debug|Any CPU
		{F58BE7A3-B84B-48C2-9FEF-AE4BC545EE12}.Debug|x86.ActiveCfg = Debug|Any CPU
		{F58BE7A3-B84B-48C2-9FEF-AE4BC545EE12}.Debug|x86.Build.0 = Debug|Any CPU
		{F58BE7A3-B84B-48C2-9FEF-AE4BC545EE12}.Release|Any CPU.ActiveCfg = Release|Any CPU
		{F58BE7A3-B84B-48C2-9FEF-AE4BC545EE12}.Release|Any CPU.Build.0 = Release|Any CPU
		{F58BE7A3-B84B-48C2-9FEF-AE4BC545EE12}.Release|x64.ActiveCfg = Release|Any CPU
		{F58BE7A3-B84B-48C2-9FEF-AE4BC545EE12}.Release|x64.Build.0 = Release|Any CPU
		{F58BE7A3-B84B-48C2-9FEF-AE4BC545EE12}.Release|x86.ActiveCfg = Release|Any CPU
		{F58BE7A3-B84B-48C2-9FEF-AE4BC545EE12}.Release|x86.Build.0 = Release|Any CPU
		{EB8D27A0-CBC5-404C-8546-1CFE4DF308C4}.Debug|Any CPU.ActiveCfg = Debug|Any CPU
		{EB8D27A0-CBC5-404C-8546-1CFE4DF308C4}.Debug|Any CPU.Build.0 = Debug|Any CPU
		{EB8D27A0-CBC5-404C-8546-1CFE4DF308C4}.Debug|x64.ActiveCfg = Debug|Any CPU
		{EB8D27A0-CBC5-404C-8546-1CFE4DF308C4}.Debug|x64.Build.0 = Debug|Any CPU
		{EB8D27A0-CBC5-404C-8546-1CFE4DF308C4}.Debug|x86.ActiveCfg = Debug|Any CPU
		{EB8D27A0-CBC5-404C-8546-1CFE4DF308C4}.Debug|x86.Build.0 = Debug|Any CPU
		{EB8D27A0-CBC5-404C-8546-1CFE4DF308C4}.Release|Any CPU.ActiveCfg = Release|Any CPU
		{EB8D27A0-CBC5-404C-8546-1CFE4DF308C4}.Release|Any CPU.Build.0 = Release|Any CPU
		{EB8D27A0-CBC5-404C-8546-1CFE4DF308C4}.Release|x64.ActiveCfg = Release|Any CPU
		{EB8D27A0-CBC5-404C-8546-1CFE4DF308C4}.Release|x64.Build.0 = Release|Any CPU
		{EB8D27A0-CBC5-404C-8546-1CFE4DF308C4}.Release|x86.ActiveCfg = Release|Any CPU
		{EB8D27A0-CBC5-404C-8546-1CFE4DF308C4}.Release|x86.Build.0 = Release|Any CPU
	EndGlobalSection
	GlobalSection(SolutionProperties) = preSolution
		HideSolutionNode = FALSE
	EndGlobalSection
	GlobalSection(NestedProjects) = preSolution
		{2CCB1C7E-30B4-4ACA-BA22-670193A12A23} = {827E0CD3-B72D-47B6-A68D-7590B98EB39B}
		{64B9F3BC-8F9A-4106-8B5B-7A5F86AF9EB5} = {827E0CD3-B72D-47B6-A68D-7590B98EB39B}
		{F58BE7A3-B84B-48C2-9FEF-AE4BC545EE12} = {827E0CD3-B72D-47B6-A68D-7590B98EB39B}
		{EB8D27A0-CBC5-404C-8546-1CFE4DF308C4} = {827E0CD3-B72D-47B6-A68D-7590B98EB39B}
	EndGlobalSection
EndGlobal
